
Microsoft Visual Studio Solution File, Format Version 12.00
# Visual Studio Version 17
VisualStudioVersion = 17.4.33213.308
MinimumVisualStudioVersion = 10.0.40219.1
Project("{9A19103F-16F7-4668-BE54-9A1E7A4F7556}") = "MagicVilla_API", "MagicVilla_API\MagicVilla_API.csproj", "{16F56961-F8E4-450A-9261-7E982F74B756}"
EndProject
Global
	GlobalSection(SolutionConfigurationPlatforms) = preSolution
		Debug|Any CPU = Debug|Any CPU
		Release|Any CPU = Release|Any CPU
	EndGlobalSection
	GlobalSection(ProjectConfigurationPlatforms) = postSolution
		{16F56961-F8E4-450A-9261-7E982F74B756}.Debug|Any CPU.ActiveCfg = Debug|Any CPU
		{16F56961-F8E4-450A-9261-7E982F74B756}.Debug|Any CPU.Build.0 = Debug|Any CPU
		{16F56961-F8E4-450A-9261-7E982F74B756}.Release|Any CPU.ActiveCfg = Release|Any CPU
		{16F56961-F8E4-450A-9261-7E982F74B756}.Release|Any CPU.Build.0 = Release|Any CPU
	EndGlobalSection
	GlobalSection(SolutionProperties) = preSolution
		HideSolutionNode = FALSE
	EndGlobalSection
	GlobalSection(ExtensibilityGlobals) = postSolution
		SolutionGuid = {E7639CB2-F318-4E3B-9BD0-7BE2D6A98DAD}
	EndGlobalSection
EndGlobal
